
Microsoft Visual Studio Solution File, Format Version 12.00
# Visual Studio 14
VisualStudioVersion = 14.0.25420.1
MinimumVisualStudioVersion = 10.0.40219.1
Project("{FAE04EC0-301F-11D3-BF4B-00C04F79EFBC}") = "KOTLM-Fravaer-RestApi", "KOTLM-Fravaer-RestApi\KOTLM-Fravaer-RestApi.csproj", "{185BECE8-7B59-424E-B971-F96E7B9A5B4A}"
EndProject
Project("{FAE04EC0-301F-11D3-BF4B-00C04F79EFBC}") = "KOTLM-Fravaer-DLL", "KOTLM-Fravaer-DLL\KOTLM-Fravaer-DLL.csproj", "{71323ECC-0686-4305-8EE9-EDA99955DBF6}"
EndProject
Project("{FAE04EC0-301F-11D3-BF4B-00C04F79EFBC}") = "FravaerAPIUnitTests", "FravaerAPIUnitTests\FravaerAPIUnitTests.csproj", "{9F053180-1A89-4122-9063-88FA385841B0}"
EndProject
Global
	GlobalSection(SolutionConfigurationPlatforms) = preSolution
		Debug|Any CPU = Debug|Any CPU
		Release|Any CPU = Release|Any CPU
	EndGlobalSection
	GlobalSection(ProjectConfigurationPlatforms) = postSolution
		{185BECE8-7B59-424E-B971-F96E7B9A5B4A}.Debug|Any CPU.ActiveCfg = Debug|Any CPU
		{185BECE8-7B59-424E-B971-F96E7B9A5B4A}.Debug|Any CPU.Build.0 = Debug|Any CPU
		{185BECE8-7B59-424E-B971-F96E7B9A5B4A}.Release|Any CPU.ActiveCfg = Release|Any CPU
		{185BECE8-7B59-424E-B971-F96E7B9A5B4A}.Release|Any CPU.Build.0 = Release|Any CPU
		{71323ECC-0686-4305-8EE9-EDA99955DBF6}.Debug|Any CPU.ActiveCfg = Debug|Any CPU
		{71323ECC-0686-4305-8EE9-EDA99955DBF6}.Debug|Any CPU.Build.0 = Debug|Any CPU
		{71323ECC-0686-4305-8EE9-EDA99955DBF6}.Release|Any CPU.ActiveCfg = Release|Any CPU
		{71323ECC-0686-4305-8EE9-EDA99955DBF6}.Release|Any CPU.Build.0 = Release|Any CPU
		{9F053180-1A89-4122-9063-88FA385841B0}.Debug|Any CPU.ActiveCfg = Debug|Any CPU
		{9F053180-1A89-4122-9063-88FA385841B0}.Debug|Any CPU.Build.0 = Debug|Any CPU
		{9F053180-1A89-4122-9063-88FA385841B0}.Release|Any CPU.ActiveCfg = Release|Any CPU
		{9F053180-1A89-4122-9063-88FA385841B0}.Release|Any CPU.Build.0 = Release|Any CPU
	EndGlobalSection
	GlobalSection(SolutionProperties) = preSolution
		HideSolutionNode = FALSE
	EndGlobalSection
EndGlobal
